<?xml version="1.0" encoding="utf-8"?>
<Project ToolsVersion="4.0" xmlns="http://schemas.microsoft.com/developer/msbuild/2003">
  <ItemGroup>
    <Filter Include="Source Files">
      <UniqueIdentifier>{4FC737F1-C7A5-4376-A066-2A32D752A2FF}</UniqueIdentifier>
      <Extensions>cpp;c;cc;cxx;def;odl;idl;hpj;bat;asm;asmx</Extensions>
    </Filter>
    <Filter Include="Header Files">
      <UniqueIdentifier>{93995380-89BD-4b04-88EB-625FBE52EBFB}</UniqueIdentifier>
      <Extensions>h;hh;hpp;hxx;hm;inl;inc;ipp;xsd</Extensions>
    </Filter>
    <Filter Include="Resource Files">
      <UniqueIdentifier>{67DA6AB6-F800-4c08-8B7A-83BB121AAD01}</UniqueIdentifier>
      <Extensions>rc;ico;cur;bmp;dlg;rc2;rct;bin;rgs;gif;jpg;jpeg;jpe;resx;tiff;tif;png;wav;mfcribbon-ms</Extensions>
    </Filter>
    <Filter Include="Header Files\rendering">
      <UniqueIdentifier>{42084fa8-d8b2-4b67-a8d3-2bcc51db5046}</UniqueIdentifier>
    </Filter>
    <Filter Include="Header Files\display">
      <UniqueIdentifier>{f02f4912-5b6c-48c0-b484-bd2f0081e481}</UniqueIdentifier>
    </Filter>
    <Filter Include="Header Files\entities">
      <UniqueIdentifier>{0f560e98-6198-43cd-be23-fbc6d35ad89f}</UniqueIdentifier>
    </Filter>
    <Filter Include="Header Files\models">
      <UniqueIdentifier>{0098170f-89ed-400f-82e7-773b6527f761}</UniqueIdentifier>
    </Filter>
    <Filter Include="Header Files\shaders">
      <UniqueIdentifier>{f25e0433-e1a2-441a-91b1-cf54fa00b0df}</UniqueIdentifier>
    </Filter>
    <Filter Include="Header Files\utilities">
      <UniqueIdentifier>{05ac03c8-a036-4128-9d80-34b317a18871}</UniqueIdentifier>
    </Filter>
    <Filter Include="Source Files\display">
      <UniqueIdentifier>{3673a7b3-cdad-4e21-af7d-2dbb9bec46dc}</UniqueIdentifier>
    </Filter>
    <Filter Include="Source Files\entities">
      <UniqueIdentifier>{dfa18a5c-cadc-4d1d-8c27-7f1c047b2812}</UniqueIdentifier>
    </Filter>
    <Filter Include="Source Files\models">
      <UniqueIdentifier>{4ab8c41a-16b1-4f2f-a2eb-b499d97fc943}</UniqueIdentifier>
    </Filter>
    <Filter Include="Source Files\utilities">
      <UniqueIdentifier>{0a3cc9ec-a180-4b15-b159-0d34af57cf95}</UniqueIdentifier>
    </Filter>
    <Filter Include="Source Files\shaders">
      <UniqueIdentifier>{d040f226-af1e-4b29-bebd-6281fcd6b1f7}</UniqueIdentifier>
    </Filter>
    <Filter Include="Source Files\rendering">
      <UniqueIdentifier>{44e6bfa4-8aaa-45da-9443-bef0e0b4932e}</UniqueIdentifier>
    </Filter>
    <Filter Include="Header Files\models\animated">
      <UniqueIdentifier>{e5f90d21-e61c-4cdc-822a-e3f0c5b3fcce}</UniqueIdentifier>
    </Filter>
    <Filter Include="Header Files\models\static">
      <UniqueIdentifier>{0422bddf-0d8f-49f4-b4d2-9e396f9a0a21}</UniqueIdentifier>
    </Filter>
    <Filter Include="Header Files\core">
      <UniqueIdentifier>{c04b5d93-7a45-41b5-94f5-080fa7e2314c}</UniqueIdentifier>
    </Filter>
    <Filter Include="Source Files\core">
      <UniqueIdentifier>{32ea45e2-af7c-497d-9351-8b1489581be5}</UniqueIdentifier>
    </Filter>
    <Filter Include="Header Files\world">
      <UniqueIdentifier>{dfa499ea-c003-47ca-aa67-8f9e32cae457}</UniqueIdentifier>
    </Filter>
    <Filter Include="Source Files\world">
      <UniqueIdentifier>{ff0a0cb2-b18c-4065-aea1-b1eca9985f76}</UniqueIdentifier>
    </Filter>
    <Filter Include="Header Files\terrain">
      <UniqueIdentifier>{bd191ba2-2af3-4e2c-9d6b-d29139c697df}</UniqueIdentifier>
    </Filter>
    <Filter Include="Source Files\terrain">
      <UniqueIdentifier>{b7124f56-8609-410f-824d-d089d4c0da20}</UniqueIdentifier>
    </Filter>
  </ItemGroup>
  <ItemGroup>
    <ClCompile Include="Engine.cpp">
      <Filter>Source Files</Filter>
    </ClCompile>
    <ClCompile Include="DisplayManager.cpp">
      <Filter>Source Files\display</Filter>
    </ClCompile>
    <ClCompile Include="Entity.cpp">
      <Filter>Source Files\entities</Filter>
    </ClCompile>
    <ClCompile Include="glad.c">
      <Filter>Source Files\utilities</Filter>
    </ClCompile>
    <ClCompile Include="stb_image.cpp">
      <Filter>Source Files\utilities</Filter>
    </ClCompile>
    <ClCompile Include="VAO.cpp">
      <Filter>Source Files\core</Filter>
    </ClCompile>
    <ClCompile Include="StaticLoader.cpp">
      <Filter>Source Files\core</Filter>
    </ClCompile>
    <ClCompile Include="StaticModel.h">
      <Filter>Header Files\models\static</Filter>
    </ClCompile>
    <ClCompile Include="ModelManager.cpp">
      <Filter>Source Files\world</Filter>
    </ClCompile>
    <ClCompile Include="Shader.cpp">
      <Filter>Source Files\shaders</Filter>
    </ClCompile>
    <ClCompile Include="Terrain.cpp">
      <Filter>Source Files\terrain</Filter>
    </ClCompile>
    <ClCompile Include="TerrainRenderer.cpp">
      <Filter>Source Files\rendering</Filter>
    </ClCompile>
    <ClCompile Include="TerrainShader.cpp">
      <Filter>Source Files\shaders</Filter>
    </ClCompile>
    <ClCompile Include="CoreRenderer.cpp">
      <Filter>Source Files\rendering</Filter>
    </ClCompile>
    <ClCompile Include="EntityRenderer.cpp">
      <Filter>Source Files\rendering</Filter>
    </ClCompile>
  </ItemGroup>
  <ItemGroup>
    <ClInclude Include="DisplayManager.h">
      <Filter>Header Files\display</Filter>
    </ClInclude>
    <ClInclude Include="Camera.h">
      <Filter>Header Files\entities</Filter>
    </ClInclude>
    <ClInclude Include="Entity.h">
      <Filter>Header Files\entities</Filter>
    </ClInclude>
    <ClInclude Include="Maths.h">
      <Filter>Header Files\utilities</Filter>
    </ClInclude>
    <ClInclude Include="stb_image.h">
      <Filter>Header Files\utilities</Filter>
    </ClInclude>
    <ClInclude Include="AnimatedMesh.h">
      <Filter>Header Files\models\animated</Filter>
    </ClInclude>
    <ClInclude Include="AnimatedModel.h">
      <Filter>Header Files\models\animated</Filter>
    </ClInclude>
    <ClInclude Include="Animation.h">
      <Filter>Header Files\models\animated</Filter>
    </ClInclude>
    <ClInclude Include="Animator.h">
      <Filter>Header Files\models\animated</Filter>
    </ClInclude>
    <ClInclude Include="Joint.h">
      <Filter>Header Files\models\animated</Filter>
    </ClInclude>
    <ClInclude Include="VAO.h">
      <Filter>Header Files\core</Filter>
    </ClInclude>
    <ClInclude Include="StaticLoader.h">
      <Filter>Header Files\core</Filter>
    </ClInclude>
    <ClInclude Include="Model.h">
      <Filter>Header Files\models\animated</Filter>
    </ClInclude>
    <ClInclude Include="ModelManager.h">
      <Filter>Header Files\world</Filter>
    </ClInclude>
    <ClInclude Include="Mesh.h">
      <Filter>Header Files\models\static</Filter>
    </ClInclude>
    <ClInclude Include="MeshTexture.h">
      <Filter>Header Files\models\static</Filter>
    </ClInclude>
    <ClInclude Include="TexturedMesh.h">
      <Filter>Header Files\models\static</Filter>
    </ClInclude>
    <ClInclude Include="Shader.h">
      <Filter>Header Files\shaders</Filter>
    </ClInclude>
    <ClInclude Include="Terrain.h">
      <Filter>Header Files\terrain</Filter>
    </ClInclude>
    <ClInclude Include="TerrainRenderer.h">
      <Filter>Header Files\rendering</Filter>
    </ClInclude>
    <ClInclude Include="TerrainShader.h">
      <Filter>Header Files\shaders</Filter>
    </ClInclude>
    <ClInclude Include="CoreRenderer.h">
      <Filter>Header Files\rendering</Filter>
    </ClInclude>
    <ClInclude Include="EntityRenderer.h">
      <Filter>Header Files\rendering</Filter>
    </ClInclude>
  </ItemGroup>
  <ItemGroup>
    <Text Include="FragmentShader.txt">
      <Filter>Source Files\shaders</Filter>
    </Text>
    <Text Include="VertexShader.txt">
      <Filter>Source Files\shaders</Filter>
    </Text>
    <Text Include="TerrainVertexShader.txt">
      <Filter>Source Files\shaders</Filter>
    </Text>
    <Text Include="TerrainFragmentShader.txt">
      <Filter>Source Files\shaders</Filter>
    </Text>
  </ItemGroup>
</Project>